{
  "name": "salesforce-arc-pilot-backend",
  "version": "1.0.0",
  "lockfileVersion": 3,
  "requires": true,
  "packages": {
    "": {
      "name": "salesforce-arc-pilot-backend",
      "version": "1.0.0",
      "license": "MIT",
      "dependencies": {
        "cors": "^2.8.5",
        "express": "^4.18.2"
      },
      "engines": {
        "node": "18.x"
      }
    },
    "node_modules/cors": {
      "version": "2.8.5"
    },
    "node_modules/express": {
      "version": "4.18.2"
    }
  }
}
